// !$*UTF8*$!
{
	archiveVersion = 1;
	classes = {
	};
	objectVersion = 46;
	objects = {

/* Begin PBXBuildFile section */
		4445ED0E1E151561001A700C /* AppDelegate.swift in Sources */ = {isa = PBXBuildFile; fileRef = 4445ED0D1E151561001A700C /* AppDelegate.swift */; };
		4445ED101E151561001A700C /* ViewController.swift in Sources */ = {isa = PBXBuildFile; fileRef = 4445ED0F1E151561001A700C /* ViewController.swift */; };
		4445ED131E151561001A700C /* Main.storyboard in Resources */ = {isa = PBXBuildFile; fileRef = 4445ED111E151561001A700C /* Main.storyboard */; };
		4445ED151E151561001A700C /* Assets.xcassets in Resources */ = {isa = PBXBuildFile; fileRef = 4445ED141E151561001A700C /* Assets.xcassets */; };
		4445ED181E151561001A700C /* LaunchScreen.storyboard in Resources */ = {isa = PBXBuildFile; fileRef = 4445ED161E151561001A700C /* LaunchScreen.storyboard */; };
		4445ED231E151561001A700C /* TestAppTests.swift in Sources */ = {isa = PBXBuildFile; fileRef = 4445ED221E151561001A700C /* TestAppTests.swift */; };
		4445ED2E1E151561001A700C /* TestAppUITests.swift in Sources */ = {isa = PBXBuildFile; fileRef = 4445ED2D1E151561001A700C /* TestAppUITests.swift */; };
/* End PBXBuildFile section */

/* Begin PBXContainerItemProxy section */
		4445ED1F1E151561001A700C /* PBXContainerItemProxy */ = {
			isa = PBXContainerItemProxy;
			containerPortal = 4445ED021E151560001A700C /* Project object */;
			proxyType = 1;
			remoteGlobalIDString = 4445ED091E151560001A700C;
			remoteInfo = TestApp;
		};
		4445ED2A1E151561001A700C /* PBXContainerItemProxy */ = {
			isa = PBXContainerItemProxy;
			containerPortal = 4445ED021E151560001A700C /* Project object */;
			proxyType = 1;
			remoteGlobalIDString = 4445ED091E151560001A700C;
			remoteInfo = TestApp;
		};
/* End PBXContainerItemProxy section */

/* Begin PBXFileReference section */
		4445ED0A1E151561001A700C /* TestApp.app */ = {isa = PBXFileReference; explicitFileType = wrapper.application; includeInIndex = 0; path = TestApp.app; sourceTree = BUILT_PRODUCTS_DIR; };
		4445ED0D1E151561001A700C /* AppDelegate.swift */ = {isa = PBXFileReference; lastKnownFileType = sourcecode.swift; path = AppDelegate.swift; sourceTree = "<group>"; };
		4445ED0F1E151561001A700C /* ViewController.swift */ = {isa = PBXFileReference; lastKnownFileType = sourcecode.swift; path = ViewController.swift; sourceTree = "<group>"; };
		4445ED121E151561001A700C /* Base */ = {isa = PBXFileReference; lastKnownFileType = file.storyboard; name = Base; path = Base.lproj/Main.storyboard; sourceTree = "<group>"; };
		4445ED141E151561001A700C /* Assets.xcassets */ = {isa = PBXFileReference; lastKnownFileType = folder.assetcatalog; path = Assets.xcassets; sourceTree = "<group>"; };
		4445ED171E151561001A700C /* Base */ = {isa = PBXFileReference; lastKnownFileType = file.storyboard; name = Base; path = Base.lproj/LaunchScreen.storyboard; sourceTree = "<group>"; };
		4445ED191E151561001A700C /* Info.plist */ = {isa = PBXFileReference; lastKnownFileType = text.plist.xml; path = Info.plist; sourceTree = "<group>"; };
		4445ED1E1E151561001A700C /* TestAppTests.xctest */ = {isa = PBXFileReference; explicitFileType = wrapper.cfbundle; includeInIndex = 0; path = TestAppTests.xctest; sourceTree = BUILT_PRODUCTS_DIR; };
		4445ED221E151561001A700C /* TestAppTests.swift */ = {isa = PBXFileReference; lastKnownFileType = sourcecode.swift; path = TestAppTests.swift; sourceTree = "<group>"; };
		4445ED241E151561001A700C /* Info.plist */ = {isa = PBXFileReference; lastKnownFileType = text.plist.xml; path = Info.plist; sourceTree = "<group>"; };
		4445ED291E151561001A700C /* TestAppUITests.xctest */ = {isa = PBXFileReference; explicitFileType = wrapper.cfbundle; includeInIndex = 0; path = TestAppUITests.xctest; sourceTree = BUILT_PRODUCTS_DIR; };
		4445ED2D1E151561001A700C /* TestAppUITests.swift */ = {isa = PBXFileReference; lastKnownFileType = sourcecode.swift; path = TestAppUITests.swift; sourceTree = "<group>"; };
		4445ED2F1E151561001A700C /* Info.plist */ = {isa = PBXFileReference; lastKnownFileType = text.plist.xml; path = Info.plist; sourceTree = "<group>"; };
/* End PBXFileReference section */

/* Begin PBXFrameworksBuildPhase section */
		4445ED071E151560001A700C /* Frameworks */ = {
			isa = PBXFrameworksBuildPhase;
			buildActionMask = 2147483647;
			files = (
			);
			runOnlyForDeploymentPostprocessing = 0;
		};
		4445ED1B1E151561001A700C /* Frameworks */ = {
			isa = PBXFrameworksBuildPhase;
			buildActionMask = 2147483647;
			files = (
			);
			runOnlyForDeploymentPostprocessing = 0;
		};
		4445ED261E151561001A700C /* Frameworks */ = {
			isa = PBXFrameworksBuildPhase;
			buildActionMask = 2147483647;
			files = (
			);
			runOnlyForDeploymentPostprocessing = 0;
		};
/* End PBXFrameworksBuildPhase section */

/* Begin PBXGroup section */
		4445ED011E151560001A700C = {
			isa = PBXGroup;
			children = (
				4445ED0C1E151561001A700C /* TestApp */,
				4445ED211E151561001A700C /* TestAppTests */,
				4445ED2C1E151561001A700C /* TestAppUITests */,
				4445ED0B1E151561001A700C /* Products */,
			);
			sourceTree = "<group>";
		};
		4445ED0B1E151561001A700C /* Products */ = {
			isa = PBXGroup;
			children = (
				4445ED0A1E151561001A700C /* TestApp.app */,
				4445ED1E1E151561001A700C /* TestAppTests.xctest */,
				4445ED291E151561001A700C /* TestAppUITests.xctest */,
			);
			name = Products;
			sourceTree = "<group>";
		};
		4445ED0C1E151561001A700C /* TestApp */ = {
			isa = PBXGroup;
			children = (
				4445ED0D1E151561001A700C /* AppDelegate.swift */,
				4445ED0F1E151561001A700C /* ViewController.swift */,
				4445ED111E151561001A700C /* Main.storyboard */,
				4445ED141E151561001A700C /* Assets.xcassets */,
				4445ED161E151561001A700C /* LaunchScreen.storyboard */,
				4445ED191E151561001A700C /* Info.plist */,
			);
			path = TestApp;
			sourceTree = "<group>";
		};
		4445ED211E151561001A700C /* TestAppTests */ = {
			isa = PBXGroup;
			children = (
				4445ED221E151561001A700C /* TestAppTests.swift */,
				4445ED241E151561001A700C /* Info.plist */,
			);
			path = TestAppTests;
			sourceTree = "<group>";
		};
		4445ED2C1E151561001A700C /* TestAppUITests */ = {
			isa = PBXGroup;
			children = (
				4445ED2D1E151561001A700C /* TestAppUITests.swift */,
				4445ED2F1E151561001A700C /* Info.plist */,
			);
			path = TestAppUITests;
			sourceTree = "<group>";
		};
/* End PBXGroup section */

/* Begin PBXNativeTarget section */
		4445ED091E151560001A700C /* TestApp */ = {
			isa = PBXNativeTarget;
			buildConfigurationList = 4445ED321E151561001A700C /* Build configuration list for PBXNativeTarget "TestApp" */;
			buildPhases = (
				4445ED061E151560001A700C /* Sources */,
				4445ED071E151560001A700C /* Frameworks */,
				4445ED081E151560001A700C /* Resources */,
			);
			buildRules = (
			);
			dependencies = (
			);
			name = TestApp;
			productName = TestApp;
			productReference = 4445ED0A1E151561001A700C /* TestApp.app */;
			productType = "com.apple.product-type.application";
		};
		4445ED1D1E151561001A700C /* TestAppTests */ = {
			isa = PBXNativeTarget;
			buildConfigurationList = 4445ED351E151561001A700C /* Build configuration list for PBXNativeTarget "TestAppTests" */;
			buildPhases = (
				4445ED1A1E151561001A700C /* Sources */,
				4445ED1B1E151561001A700C /* Frameworks */,
				4445ED1C1E151561001A700C /* Resources */,
			);
			buildRules = (
			);
			dependencies = (
				4445ED201E151561001A700C /* PBXTargetDependency */,
			);
			name = TestAppTests;
			productName = TestAppTests;
			productReference = 4445ED1E1E151561001A700C /* TestAppTests.xctest */;
			productType = "com.apple.product-type.bundle.unit-test";
		};
		4445ED281E151561001A700C /* TestAppUITests */ = {
			isa = PBXNativeTarget;
			buildConfigurationList = 4445ED381E151561001A700C /* Build configuration list for PBXNativeTarget "TestAppUITests" */;
			buildPhases = (
				4445ED251E151561001A700C /* Sources */,
				4445ED261E151561001A700C /* Frameworks */,
				4445ED271E151561001A700C /* Resources */,
			);
			buildRules = (
			);
			dependencies = (
				4445ED2B1E151561001A700C /* PBXTargetDependency */,
			);
			name = TestAppUITests;
			productName = TestAppUITests;
			productReference = 4445ED291E151561001A700C /* TestAppUITests.xctest */;
			productType = "com.apple.product-type.bundle.ui-testing";
		};
/* End PBXNativeTarget section */

/* Begin PBXProject section */
		4445ED021E151560001A700C /* Project object */ = {
			isa = PBXProject;
			attributes = {
				LastSwiftUpdateCheck = 0820;
				LastUpgradeCheck = 0820;
				ORGANIZATIONNAME = "Phillip Prasinos";
				TargetAttributes = {
					4445ED091E151560001A700C = {
						CreatedOnToolsVersion = 8.2.1;
						ProvisioningStyle = Automatic;
					};
					4445ED1D1E151561001A700C = {
						CreatedOnToolsVersion = 8.2.1;
						ProvisioningStyle = Automatic;
						TestTargetID = 4445ED091E151560001A700C;
					};
					4445ED281E151561001A700C = {
						CreatedOnToolsVersion = 8.2.1;
						ProvisioningStyle = Automatic;
						TestTargetID = 4445ED091E151560001A700C;
					};
				};
			};
			buildConfigurationList = 4445ED051E151560001A700C /* Build configuration list for PBXProject "TestApp" */;
			compatibilityVersion = "Xcode 3.2";
			developmentRegion = English;
			hasScannedForEncodings = 0;
			knownRegions = (
				en,
				Base,
			);
			mainGroup = 4445ED011E151560001A700C;
			productRefGroup = 4445ED0B1E151561001A700C /* Products */;
			projectDirPath = "";
			projectRoot = "";
			targets = (
				4445ED091E151560001A700C /* TestApp */,
				4445ED1D1E151561001A700C /* TestAppTests */,
				4445ED281E151561001A700C /* TestAppUITests */,
			);
		};
/* End PBXProject section */

/* Begin PBXResourcesBuildPhase section */
		4445ED081E151560001A700C /* Resources */ = {
			isa = PBXResourcesBuildPhase;
			buildActionMask = 2147483647;
			files = (
				4445ED181E151561001A700C /* LaunchScreen.storyboard in Resources */,
				4445ED151E151561001A700C /* Assets.xcassets in Resources */,
				4445ED131E151561001A700C /* Main.storyboard in Resources */,
			);
			runOnlyForDeploymentPostprocessing = 0;
		};
		4445ED1C1E151561001A700C /* Resources */ = {
			isa = PBXResourcesBuildPhase;
			buildActionMask = 2147483647;
			files = (
			);
			runOnlyForDeploymentPostprocessing = 0;
		};
		4445ED271E151561001A700C /* Resources */ = {
			isa = PBXResourcesBuildPhase;
			buildActionMask = 2147483647;
			files = (
			);
			runOnlyForDeploymentPostprocessing = 0;
		};
/* End PBXResourcesBuildPhase section */

/* Begin PBXSourcesBuildPhase section */
		4445ED061E151560001A700C /* Sources */ = {
			isa = PBXSourcesBuildPhase;
			buildActionMask = 2147483647;
			files = (
				4445ED101E151561001A700C /* ViewController.swift in Sources */,
				4445ED0E1E151561001A700C /* AppDelegate.swift in Sources */,
			);
			runOnlyForDeploymentPostprocessing = 0;
		};
		4445ED1A1E151561001A700C /* Sources */ = {
			isa = PBXSourcesBuildPhase;
			buildActionMask = 2147483647;
			files = (
				4445ED231E151561001A700C /* TestAppTests.swift in Sources */,
			);
			runOnlyForDeploymentPostprocessing = 0;
		};
		4445ED251E151561001A700C /* Sources */ = {
			isa = PBXSourcesBuildPhase;
			buildActionMask = 2147483647;
			files = (
				4445ED2E1E151561001A700C /* TestAppUITests.swift in Sources */,
			);
			runOnlyForDeploymentPostprocessing = 0;
		};
/* End PBXSourcesBuildPhase section */

/* Begin PBXTargetDependency section */
		4445ED201E151561001A700C /* PBXTargetDependency */ = {
			isa = PBXTargetDependency;
			target = 4445ED091E151560001A700C /* TestApp */;
			targetProxy = 4445ED1F1E151561001A700C /* PBXContainerItemProxy */;
		};
		4445ED2B1E151561001A700C /* PBXTargetDependency */ = {
			isa = PBXTargetDependency;
			target = 4445ED091E151560001A700C /* TestApp */;
			targetProxy = 4445ED2A1E151561001A700C /* PBXContainerItemProxy */;
		};
/* End PBXTargetDependency section */

/* Begin PBXVariantGroup section */
		4445ED111E151561001A700C /* Main.storyboard */ = {
			isa = PBXVariantGroup;
			children = (
				4445ED121E151561001A700C /* Base */,
			);
			name = Main.storyboard;
			sourceTree = "<group>";
		};
		4445ED161E151561001A700C /* LaunchScreen.storyboard */ = {
			isa = PBXVariantGroup;
			children = (
				4445ED171E151561001A700C /* Base */,
			);
			name = LaunchScreen.storyboard;
			sourceTree = "<group>";
		};
/* End PBXVariantGroup section */

/* Begin XCBuildConfiguration section */
		4445ED301E151561001A700C /* Debug */ = {
			isa = XCBuildConfiguration;
			buildSettings = {
				ALWAYS_SEARCH_USER_PATHS = NO;
				CLANG_ANALYZER_NONNULL = YES;
				CLANG_CXX_LANGUAGE_STANDARD = "gnu++0x";
				CLANG_CXX_LIBRARY = "libc++";
				CLANG_ENABLE_MODULES = YES;
				CLANG_ENABLE_OBJC_ARC = YES;
				CLANG_WARN_BOOL_CONVERSION = YES;
				CLANG_WARN_CONSTANT_CONVERSION = YES;
				CLANG_WARN_DIRECT_OBJC_ISA_USAGE = YES_ERROR;
				CLANG_WARN_DOCUMENTATION_COMMENTS = YES;
				CLANG_WARN_EMPTY_BODY = YES;
				CLANG_WARN_ENUM_CONVERSION = YES;
				CLANG_WARN_INFINITE_RECURSION = YES;
				CLANG_WARN_INT_CONVERSION = YES;
				CLANG_WARN_OBJC_ROOT_CLASS = YES_ERROR;
				CLANG_WARN_SUSPICIOUS_MOVE = YES;
				CLANG_WARN_UNREACHABLE_CODE = YES;
				CLANG_WARN__DUPLICATE_METHOD_MATCH = YES;
				"CODE_SIGN_IDENTITY[sdk=iphoneos*]" = "iPhone Developer";
				COPY_PHASE_STRIP = NO;
				DEBUG_INFORMATION_FORMAT = dwarf;
				ENABLE_STRICT_OBJC_MSGSEND = YES;
				ENABLE_TESTABILITY = YES;
				GCC_C_LANGUAGE_STANDARD = gnu99;
				GCC_DYNAMIC_NO_PIC = NO;
				GCC_NO_COMMON_BLOCKS = YES;
				GCC_OPTIMIZATION_LEVEL = 0;
				GCC_PREPROCESSOR_DEFINITIONS = (
					"DEBUG=1",
					"$(inherited)",
				);
				GCC_WARN_64_TO_32_BIT_CONVERSION = YES;
				GCC_WARN_ABOUT_RETURN_TYPE = YES_ERROR;
				GCC_WARN_UNDECLARED_SELECTOR = YES;
				GCC_WARN_UNINITIALIZED_AUTOS = YES_AGGRESSIVE;
				GCC_WARN_UNUSED_FUNCTION = YES;
				GCC_WARN_UNUSED_VARIABLE = YES;
				IPHONEOS_DEPLOYMENT_TARGET = 10.2;
				MTL_ENABLE_DEBUG_INFO = YES;
				ONLY_ACTIVE_ARCH = YES;
				SDKROOT = iphoneos;
				SWIFT_ACTIVE_COMPILATION_CONDITIONS = DEBUG;
				SWIFT_OPTIMIZATION_LEVEL = "-Onone";
				TARGETED_DEVICE_FAMILY = "1,2";
			};
			name = Debug;
		};
		4445ED311E151561001A700C /* Release */ = {
			isa = XCBuildConfiguration;
			buildSettings = {
				ALWAYS_SEARCH_USER_PATHS = NO;
				CLANG_ANALYZER_NONNULL = YES;
				CLANG_CXX_LANGUAGE_STANDARD = "gnu++0x";
				CLANG_CXX_LIBRARY = "libc++";
				CLANG_ENABLE_MODULES = YES;
				CLANG_ENABLE_OBJC_ARC = YES;
				CLANG_WARN_BOOL_CONVERSION = YES;
				CLANG_WARN_CONSTANT_CONVERSION = YES;
				CLANG_WARN_DIRECT_OBJC_ISA_USAGE = YES_ERROR;
				CLANG_WARN_DOCUMENTATION_COMMENTS = YES;
				CLANG_WARN_EMPTY_BODY = YES;
				CLANG_WARN_ENUM_CONVERSION = YES;
				CLANG_WARN_INFINITE_RECURSION = YES;
				CLANG_WARN_INT_CONVERSION = YES;
				CLANG_WARN_OBJC_ROOT_CLASS = YES_ERROR;
				CLANG_WARN_SUSPICIOUS_MOVE = YES;
				CLANG_WARN_UNREACHABLE_CODE = YES;
				CLANG_WARN__DUPLICATE_METHOD_MATCH = YES;
				"CODE_SIGN_IDENTITY[sdk=iphoneos*]" = "iPhone Developer";
				COPY_PHASE_STRIP = NO;
				DEBUG_INFORMATION_FORMAT = "dwarf-with-dsym";
				ENABLE_NS_ASSERTIONS = NO;
				ENABLE_STRICT_OBJC_MSGSEND = YES;
				GCC_C_LANGUAGE_STANDARD = gnu99;
				GCC_NO_COMMON_BLOCKS = YES;
				GCC_WARN_64_TO_32_BIT_CONVERSION = YES;
				GCC_WARN_ABOUT_RETURN_TYPE = YES_ERROR;
				GCC_WARN_UNDECLARED_SELECTOR = YES;
				GCC_WARN_UNINITIALIZED_AUTOS = YES_AGGRESSIVE;
				GCC_WARN_UNUSED_FUNCTION = YES;
				GCC_WARN_UNUSED_VARIABLE = YES;
				IPHONEOS_DEPLOYMENT_TARGET = 10.2;
				MTL_ENABLE_DEBUG_INFO = NO;
				SDKROOT = iphoneos;
				SWIFT_OPTIMIZATION_LEVEL = "-Owholemodule";
				TARGETED_DEVICE_FAMILY = "1,2";
				VALIDATE_PRODUCT = YES;
			};
			name = Release;
		};
		4445ED331E151561001A700C /* Debug */ = {
			isa = XCBuildConfiguration;
			buildSettings = {
				ASSETCATALOG_COMPILER_APPICON_NAME = AppIcon;
				INFOPLIST_FILE = TestApp/Info.plist;
				LD_RUNPATH_SEARCH_PATHS = "$(inherited) @executable_path/Frameworks";
				PRODUCT_BUNDLE_IDENTIFIER = com.example.TestApp;
				PRODUCT_NAME = "$(TARGET_NAME)";
				SWIFT_VERSION = 3.0;
			};
			name = Debug;
		};
		4445ED341E151561001A700C /* Release */ = {
			isa = XCBuildConfiguration;
			buildSettings = {
				ASSETCATALOG_COMPILER_APPICON_NAME = AppIcon;
				INFOPLIST_FILE = TestApp/Info.plist;
				LD_RUNPATH_SEARCH_PATHS = "$(inherited) @executable_path/Frameworks";
				PRODUCT_BUNDLE_IDENTIFIER = com.example.TestApp;
				PRODUCT_NAME = "$(TARGET_NAME)";
				SWIFT_VERSION = 3.0;
			};
			name = Release;
		};
		4445ED361E151561001A700C /* Debug */ = {
			isa = XCBuildConfiguration;
			buildSettings = {
				ALWAYS_EMBED_SWIFT_STANDARD_LIBRARIES = YES;
				BUNDLE_LOADER = "$(TEST_HOST)";
				INFOPLIST_FILE = TestAppTests/Info.plist;
				LD_RUNPATH_SEARCH_PATHS = "$(inherited) @executable_path/Frameworks @loader_path/Frameworks";
				PRODUCT_BUNDLE_IDENTIFIER = com.example.TestAppTests;
				PRODUCT_NAME = "$(TARGET_NAME)";
				SWIFT_VERSION = 3.0;
				TEST_HOST = "$(BUILT_PRODUCTS_DIR)/TestApp.app/TestApp";
			};
			name = Debug;
		};
		4445ED371E151561001A700C /* Release */ = {
			isa = XCBuildConfiguration;
			buildSettings = {
				ALWAYS_EMBED_SWIFT_STANDARD_LIBRARIES = YES;
				BUNDLE_LOADER = "$(TEST_HOST)";
				INFOPLIST_FILE = TestAppTests/Info.plist;
				LD_RUNPATH_SEARCH_PATHS = "$(inherited) @executable_path/Frameworks @loader_path/Frameworks";
				PRODUCT_BUNDLE_IDENTIFIER = com.example.TestAppTests;
				PRODUCT_NAME = "$(TARGET_NAME)";
				SWIFT_VERSION = 3.0;
				TEST_HOST = "$(BUILT_PRODUCTS_DIR)/TestApp.app/TestApp";
			};
			name = Release;
		};
		4445ED391E151561001A700C /* Debug */ = {
			isa = XCBuildConfiguration;
			buildSettings = {
				ALWAYS_EMBED_SWIFT_STANDARD_LIBRARIES = YES;
				INFOPLIST_FILE = TestAppUITests/Info.plist;
				LD_RUNPATH_SEARCH_PATHS = "$(inherited) @executable_path/Frameworks @loader_path/Frameworks";
				PRODUCT_BUNDLE_IDENTIFIER = com.example.TestAppUITests;
				PRODUCT_NAME = "$(TARGET_NAME)";
				SWIFT_VERSION = 3.0;
				TEST_TARGET_NAME = TestApp;
			};
			name = Debug;
		};
		4445ED3A1E151561001A700C /* Release */ = {
			isa = XCBuildConfiguration;
			buildSettings = {
				ALWAYS_EMBED_SWIFT_STANDARD_LIBRARIES = YES;
				INFOPLIST_FILE = TestAppUITests/Info.plist;
				LD_RUNPATH_SEARCH_PATHS = "$(inherited) @executable_path/Frameworks @loader_path/Frameworks";
				PRODUCT_BUNDLE_IDENTIFIER = com.example.TestAppUITests;
				PRODUCT_NAME = "$(TARGET_NAME)";
				SWIFT_VERSION = 3.0;
				TEST_TARGET_NAME = TestApp;
			};
			name = Release;
		};
/* End XCBuildConfiguration section */

/* Begin XCConfigurationList section */
		4445ED051E151560001A700C /* Build configuration list for PBXProject "TestApp" */ = {
			isa = XCConfigurationList;
			buildConfigurations = (
				4445ED301E151561001A700C /* Debug */,
				4445ED311E151561001A700C /* Release */,
			);
			defaultConfigurationIsVisible = 0;
			defaultConfigurationName = Release;
		};
		4445ED321E151561001A700C /* Build configuration list for PBXNativeTarget "TestApp" */ = {
			isa = XCConfigurationList;
			buildConfigurations = (
				4445ED331E151561001A700C /* Debug */,
				4445ED341E151561001A700C /* Release */,
			);
			defaultConfigurationIsVisible = 0;
		};
		4445ED351E151561001A700C /* Build configuration list for PBXNativeTarget "TestAppTests" */ = {
			isa = XCConfigurationList;
			buildConfigurations = (
				4445ED361E151561001A700C /* Debug */,
				4445ED371E151561001A700C /* Release */,
			);
			defaultConfigurationIsVisible = 0;
		};
		4445ED381E151561001A700C /* Build configuration list for PBXNativeTarget "TestAppUITests" */ = {
			isa = XCConfigurationList;
			buildConfigurations = (
				4445ED391E151561001A700C /* Debug */,
				4445ED3A1E151561001A700C /* Release */,
			);
			defaultConfigurationIsVisible = 0;
		};
/* End XCConfigurationList section */
	};
	rootObject = 4445ED021E151560001A700C /* Project object */;
}
